
Microsoft Visual Studio Solution File, Format Version 12.00
# Visual Studio Version 16
VisualStudioVersion = 16.0.29519.87
MinimumVisualStudioVersion = 10.0.40219.1
Project("{9A19103F-16F7-4668-BE54-9A1E7A4F7556}") = "PET.DATAAPI.NOTICE", "src\PET.DATAAPI.NOTICE\PET.DATAAPI.NOTICE.csproj", "{63352261-C90A-413D-8E71-F8E4CD29BE1A}"
	ProjectSection(ProjectDependencies) = postProject
		{FDEFD777-1E38-41E8-825B-8CA2773A1B31} = {FDEFD777-1E38-41E8-825B-8CA2773A1B31}
	EndProjectSection
EndProject
Project("{9A19103F-16F7-4668-BE54-9A1E7A4F7556}") = "PET.DATAAPI.NOTICE.CORE", "src\PET.DATAAPI.NOTICE.CORE\PET.DATAAPI.NOTICE.CORE.csproj", "{99D313D4-49AB-4FCE-B382-CBB6971C84E7}"
EndProject
Project("{9A19103F-16F7-4668-BE54-9A1E7A4F7556}") = "PET.DATAAPI.NOTICE.Infrastructure", "src\PET.DATAAPI.NOTICE.Infrastructure\PET.DATAAPI.NOTICE.Infrastructure.csproj", "{FDEFD777-1E38-41E8-825B-8CA2773A1B31}"
EndProject
Global
	GlobalSection(SolutionConfigurationPlatforms) = preSolution
		Debug|Any CPU = Debug|Any CPU
		Release|Any CPU = Release|Any CPU
	EndGlobalSection
	GlobalSection(ProjectConfigurationPlatforms) = postSolution
		{63352261-C90A-413D-8E71-F8E4CD29BE1A}.Debug|Any CPU.ActiveCfg = Debug|Any CPU
		{63352261-C90A-413D-8E71-F8E4CD29BE1A}.Debug|Any CPU.Build.0 = Debug|Any CPU
		{63352261-C90A-413D-8E71-F8E4CD29BE1A}.Release|Any CPU.ActiveCfg = Release|Any CPU
		{63352261-C90A-413D-8E71-F8E4CD29BE1A}.Release|Any CPU.Build.0 = Release|Any CPU
		{99D313D4-49AB-4FCE-B382-CBB6971C84E7}.Debug|Any CPU.ActiveCfg = Debug|Any CPU
		{99D313D4-49AB-4FCE-B382-CBB6971C84E7}.Debug|Any CPU.Build.0 = Debug|Any CPU
		{99D313D4-49AB-4FCE-B382-CBB6971C84E7}.Release|Any CPU.ActiveCfg = Release|Any CPU
		{99D313D4-49AB-4FCE-B382-CBB6971C84E7}.Release|Any CPU.Build.0 = Release|Any CPU
		{FDEFD777-1E38-41E8-825B-8CA2773A1B31}.Debug|Any CPU.ActiveCfg = Debug|Any CPU
		{FDEFD777-1E38-41E8-825B-8CA2773A1B31}.Debug|Any CPU.Build.0 = Debug|Any CPU
		{FDEFD777-1E38-41E8-825B-8CA2773A1B31}.Release|Any CPU.ActiveCfg = Release|Any CPU
		{FDEFD777-1E38-41E8-825B-8CA2773A1B31}.Release|Any CPU.Build.0 = Release|Any CPU
	EndGlobalSection
	GlobalSection(SolutionProperties) = preSolution
		HideSolutionNode = FALSE
	EndGlobalSection
	GlobalSection(ExtensibilityGlobals) = postSolution
		SolutionGuid = {07A2B155-B3C0-4F4D-8413-EE58CD46AEA1}
	EndGlobalSection
EndGlobal
